
Microsoft Visual Studio Solution File, Format Version 12.00
Project("{FAE04EC0-301F-11D3-BF4B-00C04F79EFBC}") = "LDTTeam.Authentication.Server", "LDTTeam.Authentication.Server\LDTTeam.Authentication.Server.csproj", "{7DF56A6A-6042-408F-BA44-1370B234A895}"
EndProject
Project("{FAE04EC0-301F-11D3-BF4B-00C04F79EFBC}") = "OAuth/AspNet.Security.OAuth.BuyMeACoffee", "OAuth\AspNet.Security.OAuth.BuyMeACoffee\AspNet.Security.OAuth.BuyMeACoffee.csproj", "{EF4396D9-E05B-4EA3-9F9F-3A16304B7ACE}"
EndProject
Project("{FAE04EC0-301F-11D3-BF4B-00C04F79EFBC}") = "OAuth/AspNet.Security.OAuth.Minecraft", "OAuth\AspNet.Security.OAuth.Minecraft\AspNet.Security.OAuth.Minecraft.csproj", "{B97A6DEB-2FD9-4B8C-A9BC-0E0CD1FF161E}"
EndProject
Project("{2150E333-8FDC-42A3-9474-1A3956D46DE8}") = "OAuth", "OAuth", "{E6E1D69D-B439-461D-8986-3B469D7E84BC}"
EndProject
Project("{FAE04EC0-301F-11D3-BF4B-00C04F79EFBC}") = "LDTTeam.Authentication.Modules.Api", "LDTTeam.Authentication.Modules.Api\LDTTeam.Authentication.Modules.Api.csproj", "{96925F76-BF19-4365-B5DA-DAFB0C875F68}"
EndProject
Project("{2150E333-8FDC-42A3-9474-1A3956D46DE8}") = "Modules", "Modules", "{8C417205-8E80-4F65-9A01-0C1283728103}"
EndProject
Project("{FAE04EC0-301F-11D3-BF4B-00C04F79EFBC}") = "LDTTeam.Authentication.Modules.GitHub", "Modules\LDTTeam.Authentication.Modules.GitHub\LDTTeam.Authentication.Modules.GitHub.csproj", "{BAAE589D-99F9-435E-8447-E0DC0C98A7B0}"
EndProject
Project("{FAE04EC0-301F-11D3-BF4B-00C04F79EFBC}") = "LDTTeam.Authentication.Modules.Patreon", "Modules\LDTTeam.Authentication.Modules.Patreon\LDTTeam.Authentication.Modules.Patreon.csproj", "{13DC1AB6-5E4E-48E4-8EA0-83671A785625}"
EndProject
Project("{FAE04EC0-301F-11D3-BF4B-00C04F79EFBC}") = "LDTTeam.Authentication.Modules.Discord", "Modules\LDTTeam.Authentication.Modules.Discord\LDTTeam.Authentication.Modules.Discord.csproj", "{8E3982A0-4A17-433F-A215-C5744D5BAA1B}"
EndProject
Project("{FAE04EC0-301F-11D3-BF4B-00C04F79EFBC}") = "LDTTeam.Authentication.Modules.Minecraft", "Modules\LDTTeam.Authentication.Modules.Minecraft\LDTTeam.Authentication.Modules.Minecraft.csproj", "{DAB8BDE5-E20D-4F22-8B8F-8A107E185C1D}"
EndProject
Project("{FAE04EC0-301F-11D3-BF4B-00C04F79EFBC}") = "LDTTeam.Authentication.Messages", "LDTTeam.Authentication.Messages\LDTTeam.Authentication.Messages.csproj", "{36701F00-0B73-479C-A6FA-ADE4599C4A3B}"
EndProject
Project("{FAE04EC0-301F-11D3-BF4B-00C04F79EFBC}") = "LDTTeam.Authentication.DiscordBot", "LDTTeam.Authentication.DiscordBot\LDTTeam.Authentication.DiscordBot.csproj", "{1BB18A57-6399-44C4-9EE7-D166F940CE62}"
EndProject
Project("{FAE04EC0-301F-11D3-BF4B-00C04F79EFBC}") = "LDTTeam.Authentication.RewardsService", "LDTTeam.Authentication.RewardsService\LDTTeam.Authentication.RewardsService.csproj", "{806DFE17-CB3E-4F19-B647-8FE3FF02BA8F}"
EndProject
Project("{FAE04EC0-301F-11D3-BF4B-00C04F79EFBC}") = "LDTTeam.Authentication.Models.App", "LDTTeam.Authentication.Models.App\LDTTeam.Authentication.Models.App.csproj", "{4AE41EBF-39EC-4E76-A97E-2F65ED00465A}"
EndProject
Project("{FAE04EC0-301F-11D3-BF4B-00C04F79EFBC}") = "LDTTeam.Authentication.Utils", "LDTTeam.Authentication.Utils\LDTTeam.Authentication.Utils.csproj", "{052D224A-7DE1-48A4-B4CD-352DAF1B1032}"
EndProject
Project("{FAE04EC0-301F-11D3-BF4B-00C04F79EFBC}") = "LDTTeam.Authentication.PatreonRewardsService", "LDTTeam.Authentication.PatreonRewardsService\LDTTeam.Authentication.PatreonRewardsService.csproj", "{79CB7B89-A656-4B2D-841C-01280BD1A383}"
EndProject
Project("{FAE04EC0-301F-11D3-BF4B-00C04F79EFBC}") = "LDTTeam.Authentication.PatreonApiUtils", "LDTTeam.Authentication.PatreonApiUtils\LDTTeam.Authentication.PatreonApiUtils.csproj", "{2D895D1F-AD7A-4E02-87E3-BA3388883134}"
EndProject
Project("{FAE04EC0-301F-11D3-BF4B-00C04F79EFBC}") = "LDTTeam.Authentication.PatreonWebhookService", "LDTTeam.Authentication.PatreonWebhookService\LDTTeam.Authentication.PatreonWebhookService.csproj", "{66A9886F-A43E-446F-BF0C-7C98EC3F8472}"
EndProject
Project("{FAE04EC0-301F-11D3-BF4B-00C04F79EFBC}") = "LDTTeam.Authentication.PatreonSyncService", "LDTTeam.Authentication.PatreonSyncService\LDTTeam.Authentication.PatreonSyncService.csproj", "{77E027D1-7D20-44D0-9F4C-3E50B0D4CD7E}"
EndProject
Project("{FAE04EC0-301F-11D3-BF4B-00C04F79EFBC}") = "LDTTeam.Authentication.RewardAPI", "LDTTeam.Authentication.RewardAPI\LDTTeam.Authentication.RewardAPI.csproj", "{5AD4CD77-39FC-4F8E-9A7B-6EE311D82B02}"
EndProject
Global
	GlobalSection(SolutionConfigurationPlatforms) = preSolution
		Debug|Any CPU = Debug|Any CPU
		Release|Any CPU = Release|Any CPU
	EndGlobalSection
	GlobalSection(ProjectConfigurationPlatforms) = postSolution
		{7DF56A6A-6042-408F-BA44-1370B234A895}.Debug|Any CPU.ActiveCfg = Debug|Any CPU
		{7DF56A6A-6042-408F-BA44-1370B234A895}.Debug|Any CPU.Build.0 = Debug|Any CPU
		{7DF56A6A-6042-408F-BA44-1370B234A895}.Release|Any CPU.ActiveCfg = Release|Any CPU
		{7DF56A6A-6042-408F-BA44-1370B234A895}.Release|Any CPU.Build.0 = Release|Any CPU
		{EF4396D9-E05B-4EA3-9F9F-3A16304B7ACE}.Debug|Any CPU.ActiveCfg = Debug|Any CPU
		{EF4396D9-E05B-4EA3-9F9F-3A16304B7ACE}.Debug|Any CPU.Build.0 = Debug|Any CPU
		{EF4396D9-E05B-4EA3-9F9F-3A16304B7ACE}.Release|Any CPU.ActiveCfg = Release|Any CPU
		{EF4396D9-E05B-4EA3-9F9F-3A16304B7ACE}.Release|Any CPU.Build.0 = Release|Any CPU
		{B97A6DEB-2FD9-4B8C-A9BC-0E0CD1FF161E}.Debug|Any CPU.ActiveCfg = Debug|Any CPU
		{B97A6DEB-2FD9-4B8C-A9BC-0E0CD1FF161E}.Debug|Any CPU.Build.0 = Debug|Any CPU
		{B97A6DEB-2FD9-4B8C-A9BC-0E0CD1FF161E}.Release|Any CPU.ActiveCfg = Release|Any CPU
		{B97A6DEB-2FD9-4B8C-A9BC-0E0CD1FF161E}.Release|Any CPU.Build.0 = Release|Any CPU
		{96925F76-BF19-4365-B5DA-DAFB0C875F68}.Debug|Any CPU.ActiveCfg = Debug|Any CPU
		{96925F76-BF19-4365-B5DA-DAFB0C875F68}.Debug|Any CPU.Build.0 = Debug|Any CPU
		{96925F76-BF19-4365-B5DA-DAFB0C875F68}.Release|Any CPU.ActiveCfg = Release|Any CPU
		{96925F76-BF19-4365-B5DA-DAFB0C875F68}.Release|Any CPU.Build.0 = Release|Any CPU
		{BAAE589D-99F9-435E-8447-E0DC0C98A7B0}.Debug|Any CPU.ActiveCfg = Debug|Any CPU
		{BAAE589D-99F9-435E-8447-E0DC0C98A7B0}.Debug|Any CPU.Build.0 = Debug|Any CPU
		{BAAE589D-99F9-435E-8447-E0DC0C98A7B0}.Release|Any CPU.ActiveCfg = Release|Any CPU
		{BAAE589D-99F9-435E-8447-E0DC0C98A7B0}.Release|Any CPU.Build.0 = Release|Any CPU
		{13DC1AB6-5E4E-48E4-8EA0-83671A785625}.Debug|Any CPU.ActiveCfg = Debug|Any CPU
		{13DC1AB6-5E4E-48E4-8EA0-83671A785625}.Debug|Any CPU.Build.0 = Debug|Any CPU
		{13DC1AB6-5E4E-48E4-8EA0-83671A785625}.Release|Any CPU.ActiveCfg = Release|Any CPU
		{13DC1AB6-5E4E-48E4-8EA0-83671A785625}.Release|Any CPU.Build.0 = Release|Any CPU
		{8E3982A0-4A17-433F-A215-C5744D5BAA1B}.Debug|Any CPU.ActiveCfg = Debug|Any CPU
		{8E3982A0-4A17-433F-A215-C5744D5BAA1B}.Debug|Any CPU.Build.0 = Debug|Any CPU
		{8E3982A0-4A17-433F-A215-C5744D5BAA1B}.Release|Any CPU.ActiveCfg = Release|Any CPU
		{8E3982A0-4A17-433F-A215-C5744D5BAA1B}.Release|Any CPU.Build.0 = Release|Any CPU
		{DAB8BDE5-E20D-4F22-8B8F-8A107E185C1D}.Debug|Any CPU.ActiveCfg = Debug|Any CPU
		{DAB8BDE5-E20D-4F22-8B8F-8A107E185C1D}.Debug|Any CPU.Build.0 = Debug|Any CPU
		{DAB8BDE5-E20D-4F22-8B8F-8A107E185C1D}.Release|Any CPU.ActiveCfg = Release|Any CPU
		{DAB8BDE5-E20D-4F22-8B8F-8A107E185C1D}.Release|Any CPU.Build.0 = Release|Any CPU
		{36701F00-0B73-479C-A6FA-ADE4599C4A3B}.Debug|Any CPU.ActiveCfg = Debug|Any CPU
		{36701F00-0B73-479C-A6FA-ADE4599C4A3B}.Debug|Any CPU.Build.0 = Debug|Any CPU
		{36701F00-0B73-479C-A6FA-ADE4599C4A3B}.Release|Any CPU.ActiveCfg = Release|Any CPU
		{36701F00-0B73-479C-A6FA-ADE4599C4A3B}.Release|Any CPU.Build.0 = Release|Any CPU
		{1BB18A57-6399-44C4-9EE7-D166F940CE62}.Debug|Any CPU.ActiveCfg = Debug|Any CPU
		{1BB18A57-6399-44C4-9EE7-D166F940CE62}.Debug|Any CPU.Build.0 = Debug|Any CPU
		{1BB18A57-6399-44C4-9EE7-D166F940CE62}.Release|Any CPU.ActiveCfg = Release|Any CPU
		{1BB18A57-6399-44C4-9EE7-D166F940CE62}.Release|Any CPU.Build.0 = Release|Any CPU
		{806DFE17-CB3E-4F19-B647-8FE3FF02BA8F}.Debug|Any CPU.ActiveCfg = Debug|Any CPU
		{806DFE17-CB3E-4F19-B647-8FE3FF02BA8F}.Debug|Any CPU.Build.0 = Debug|Any CPU
		{806DFE17-CB3E-4F19-B647-8FE3FF02BA8F}.Release|Any CPU.ActiveCfg = Release|Any CPU
		{806DFE17-CB3E-4F19-B647-8FE3FF02BA8F}.Release|Any CPU.Build.0 = Release|Any CPU
		{4AE41EBF-39EC-4E76-A97E-2F65ED00465A}.Debug|Any CPU.ActiveCfg = Debug|Any CPU
		{4AE41EBF-39EC-4E76-A97E-2F65ED00465A}.Debug|Any CPU.Build.0 = Debug|Any CPU
		{4AE41EBF-39EC-4E76-A97E-2F65ED00465A}.Release|Any CPU.ActiveCfg = Release|Any CPU
		{4AE41EBF-39EC-4E76-A97E-2F65ED00465A}.Release|Any CPU.Build.0 = Release|Any CPU
		{052D224A-7DE1-48A4-B4CD-352DAF1B1032}.Debug|Any CPU.ActiveCfg = Debug|Any CPU
		{052D224A-7DE1-48A4-B4CD-352DAF1B1032}.Debug|Any CPU.Build.0 = Debug|Any CPU
		{052D224A-7DE1-48A4-B4CD-352DAF1B1032}.Release|Any CPU.ActiveCfg = Release|Any CPU
		{052D224A-7DE1-48A4-B4CD-352DAF1B1032}.Release|Any CPU.Build.0 = Release|Any CPU
		{79CB7B89-A656-4B2D-841C-01280BD1A383}.Debug|Any CPU.ActiveCfg = Debug|Any CPU
		{79CB7B89-A656-4B2D-841C-01280BD1A383}.Debug|Any CPU.Build.0 = Debug|Any CPU
		{79CB7B89-A656-4B2D-841C-01280BD1A383}.Release|Any CPU.ActiveCfg = Release|Any CPU
		{79CB7B89-A656-4B2D-841C-01280BD1A383}.Release|Any CPU.Build.0 = Release|Any CPU
		{2D895D1F-AD7A-4E02-87E3-BA3388883134}.Debug|Any CPU.ActiveCfg = Debug|Any CPU
		{2D895D1F-AD7A-4E02-87E3-BA3388883134}.Debug|Any CPU.Build.0 = Debug|Any CPU
		{2D895D1F-AD7A-4E02-87E3-BA3388883134}.Release|Any CPU.ActiveCfg = Release|Any CPU
		{2D895D1F-AD7A-4E02-87E3-BA3388883134}.Release|Any CPU.Build.0 = Release|Any CPU
		{66A9886F-A43E-446F-BF0C-7C98EC3F8472}.Debug|Any CPU.ActiveCfg = Debug|Any CPU
		{66A9886F-A43E-446F-BF0C-7C98EC3F8472}.Debug|Any CPU.Build.0 = Debug|Any CPU
		{66A9886F-A43E-446F-BF0C-7C98EC3F8472}.Release|Any CPU.ActiveCfg = Release|Any CPU
		{66A9886F-A43E-446F-BF0C-7C98EC3F8472}.Release|Any CPU.Build.0 = Release|Any CPU
		{77E027D1-7D20-44D0-9F4C-3E50B0D4CD7E}.Debug|Any CPU.ActiveCfg = Debug|Any CPU
		{77E027D1-7D20-44D0-9F4C-3E50B0D4CD7E}.Debug|Any CPU.Build.0 = Debug|Any CPU
		{77E027D1-7D20-44D0-9F4C-3E50B0D4CD7E}.Release|Any CPU.ActiveCfg = Release|Any CPU
		{77E027D1-7D20-44D0-9F4C-3E50B0D4CD7E}.Release|Any CPU.Build.0 = Release|Any CPU
		{5AD4CD77-39FC-4F8E-9A7B-6EE311D82B02}.Debug|Any CPU.ActiveCfg = Debug|Any CPU
		{5AD4CD77-39FC-4F8E-9A7B-6EE311D82B02}.Debug|Any CPU.Build.0 = Debug|Any CPU
		{5AD4CD77-39FC-4F8E-9A7B-6EE311D82B02}.Release|Any CPU.ActiveCfg = Release|Any CPU
		{5AD4CD77-39FC-4F8E-9A7B-6EE311D82B02}.Release|Any CPU.Build.0 = Release|Any CPU
	EndGlobalSection
	GlobalSection(NestedProjects) = preSolution
		{EF4396D9-E05B-4EA3-9F9F-3A16304B7ACE} = {E6E1D69D-B439-461D-8986-3B469D7E84BC}
		{B97A6DEB-2FD9-4B8C-A9BC-0E0CD1FF161E} = {E6E1D69D-B439-461D-8986-3B469D7E84BC}
		{BAAE589D-99F9-435E-8447-E0DC0C98A7B0} = {8C417205-8E80-4F65-9A01-0C1283728103}
		{13DC1AB6-5E4E-48E4-8EA0-83671A785625} = {8C417205-8E80-4F65-9A01-0C1283728103}
		{8E3982A0-4A17-433F-A215-C5744D5BAA1B} = {8C417205-8E80-4F65-9A01-0C1283728103}
		{DAB8BDE5-E20D-4F22-8B8F-8A107E185C1D} = {8C417205-8E80-4F65-9A01-0C1283728103}
	EndGlobalSection
EndGlobal
